# This file is automatically @generated by Cargo.
# It is not intended for manual editing.
version = 4

[[package]]
name = "practice_1"
version = "0.1.0"
dependencies = [
 "studio",
]

[[package]]
name = "studio"
version = "0.0.0"
source = "registry+https://github.com/rust-lang/crates.io-index"
checksum = "c1323602786c8c5aa6ab5ac086d802c576277ceb82f658d059c03e6095670a6a"
